// !$*UTF8*$!
{
	archiveVersion = 1;
	classes = {
	};
	objectVersion = 50;
	objects = {

/* Begin PBXBuildFile section */
		1152D14321BC48E10013BDD6 /* AppDelegate.swift in Sources */ = {isa = PBXBuildFile; fileRef = 1152D14221BC48E10013BDD6 /* AppDelegate.swift */; };
		1152D14521BC48E10013BDD6 /* ViewController.swift in Sources */ = {isa = PBXBuildFile; fileRef = 1152D14421BC48E10013BDD6 /* ViewController.swift */; };
		1152D14821BC48E10013BDD6 /* Main.storyboard in Resources */ = {isa = PBXBuildFile; fileRef = 1152D14621BC48E10013BDD6 /* Main.storyboard */; };
		1152D14B21BC48E10013BDD6 /* TodoMVVM.xcdatamodeld in Sources */ = {isa = PBXBuildFile; fileRef = 1152D14921BC48E10013BDD6 /* TodoMVVM.xcdatamodeld */; };
		1152D14D21BC48E90013BDD6 /* Assets.xcassets in Resources */ = {isa = PBXBuildFile; fileRef = 1152D14C21BC48E90013BDD6 /* Assets.xcassets */; };
		1152D15021BC48E90013BDD6 /* LaunchScreen.storyboard in Resources */ = {isa = PBXBuildFile; fileRef = 1152D14E21BC48E90013BDD6 /* LaunchScreen.storyboard */; };
		1152D15B21BC48E90013BDD6 /* TodoMVVMTests.swift in Sources */ = {isa = PBXBuildFile; fileRef = 1152D15A21BC48E90013BDD6 /* TodoMVVMTests.swift */; };
		1152D16621BC48E90013BDD6 /* TodoMVVMUITests.swift in Sources */ = {isa = PBXBuildFile; fileRef = 1152D16521BC48E90013BDD6 /* TodoMVVMUITests.swift */; };
		1152D17521BC496D0013BDD6 /* TableViewCell.swift in Sources */ = {isa = PBXBuildFile; fileRef = 1152D17321BC496D0013BDD6 /* TableViewCell.swift */; };
		1152D17621BC496D0013BDD6 /* TableViewCell.xib in Resources */ = {isa = PBXBuildFile; fileRef = 1152D17421BC496D0013BDD6 /* TableViewCell.xib */; };
		1152D17821BC4AFA0013BDD6 /* ViewModel.swift in Sources */ = {isa = PBXBuildFile; fileRef = 1152D17721BC4AFA0013BDD6 /* ViewModel.swift */; };
		1152D17A21BC4CAA0013BDD6 /* SearchModel.swift in Sources */ = {isa = PBXBuildFile; fileRef = 1152D17921BC4CAA0013BDD6 /* SearchModel.swift */; };
		1152D17F21BC74120013BDD6 /* ItemModel.swift in Sources */ = {isa = PBXBuildFile; fileRef = 1152D17E21BC74120013BDD6 /* ItemModel.swift */; };
		1152D18121BC741F0013BDD6 /* ItemEntity.swift in Sources */ = {isa = PBXBuildFile; fileRef = 1152D18021BC741F0013BDD6 /* ItemEntity.swift */; };
/* End PBXBuildFile section */

/* Begin PBXContainerItemProxy section */
		1152D15721BC48E90013BDD6 /* PBXContainerItemProxy */ = {
			isa = PBXContainerItemProxy;
			containerPortal = 1152D13721BC48E00013BDD6 /* Project object */;
			proxyType = 1;
			remoteGlobalIDString = 1152D13E21BC48E10013BDD6;
			remoteInfo = TodoMVVM;
		};
		1152D16221BC48E90013BDD6 /* PBXContainerItemProxy */ = {
			isa = PBXContainerItemProxy;
			containerPortal = 1152D13721BC48E00013BDD6 /* Project object */;
			proxyType = 1;
			remoteGlobalIDString = 1152D13E21BC48E10013BDD6;
			remoteInfo = TodoMVVM;
		};
/* End PBXContainerItemProxy section */

/* Begin PBXFileReference section */
		1152D13F21BC48E10013BDD6 /* TodoMVVM.app */ = {isa = PBXFileReference; explicitFileType = wrapper.application; includeInIndex = 0; path = TodoMVVM.app; sourceTree = BUILT_PRODUCTS_DIR; };
		1152D14221BC48E10013BDD6 /* AppDelegate.swift */ = {isa = PBXFileReference; lastKnownFileType = sourcecode.swift; path = AppDelegate.swift; sourceTree = "<group>"; };
		1152D14421BC48E10013BDD6 /* ViewController.swift */ = {isa = PBXFileReference; lastKnownFileType = sourcecode.swift; path = ViewController.swift; sourceTree = "<group>"; };
		1152D14721BC48E10013BDD6 /* Base */ = {isa = PBXFileReference; lastKnownFileType = file.storyboard; name = Base; path = Base.lproj/Main.storyboard; sourceTree = "<group>"; };
		1152D14A21BC48E10013BDD6 /* TodoMVVM.xcdatamodel */ = {isa = PBXFileReference; lastKnownFileType = wrapper.xcdatamodel; path = TodoMVVM.xcdatamodel; sourceTree = "<group>"; };
		1152D14C21BC48E90013BDD6 /* Assets.xcassets */ = {isa = PBXFileReference; lastKnownFileType = folder.assetcatalog; path = Assets.xcassets; sourceTree = "<group>"; };
		1152D14F21BC48E90013BDD6 /* Base */ = {isa = PBXFileReference; lastKnownFileType = file.storyboard; name = Base; path = Base.lproj/LaunchScreen.storyboard; sourceTree = "<group>"; };
		1152D15121BC48E90013BDD6 /* Info.plist */ = {isa = PBXFileReference; lastKnownFileType = text.plist.xml; path = Info.plist; sourceTree = "<group>"; };
		1152D15621BC48E90013BDD6 /* TodoMVVMTests.xctest */ = {isa = PBXFileReference; explicitFileType = wrapper.cfbundle; includeInIndex = 0; path = TodoMVVMTests.xctest; sourceTree = BUILT_PRODUCTS_DIR; };
		1152D15A21BC48E90013BDD6 /* TodoMVVMTests.swift */ = {isa = PBXFileReference; lastKnownFileType = sourcecode.swift; path = TodoMVVMTests.swift; sourceTree = "<group>"; };
		1152D15C21BC48E90013BDD6 /* Info.plist */ = {isa = PBXFileReference; lastKnownFileType = text.plist.xml; path = Info.plist; sourceTree = "<group>"; };
		1152D16121BC48E90013BDD6 /* TodoMVVMUITests.xctest */ = {isa = PBXFileReference; explicitFileType = wrapper.cfbundle; includeInIndex = 0; path = TodoMVVMUITests.xctest; sourceTree = BUILT_PRODUCTS_DIR; };
		1152D16521BC48E90013BDD6 /* TodoMVVMUITests.swift */ = {isa = PBXFileReference; lastKnownFileType = sourcecode.swift; path = TodoMVVMUITests.swift; sourceTree = "<group>"; };
		1152D16721BC48E90013BDD6 /* Info.plist */ = {isa = PBXFileReference; lastKnownFileType = text.plist.xml; path = Info.plist; sourceTree = "<group>"; };
		1152D17321BC496D0013BDD6 /* TableViewCell.swift */ = {isa = PBXFileReference; lastKnownFileType = sourcecode.swift; path = TableViewCell.swift; sourceTree = "<group>"; };
		1152D17421BC496D0013BDD6 /* TableViewCell.xib */ = {isa = PBXFileReference; lastKnownFileType = file.xib; path = TableViewCell.xib; sourceTree = "<group>"; };
		1152D17721BC4AFA0013BDD6 /* ViewModel.swift */ = {isa = PBXFileReference; lastKnownFileType = sourcecode.swift; path = ViewModel.swift; sourceTree = "<group>"; };
		1152D17921BC4CAA0013BDD6 /* SearchModel.swift */ = {isa = PBXFileReference; lastKnownFileType = sourcecode.swift; path = SearchModel.swift; sourceTree = "<group>"; };
		1152D17E21BC74120013BDD6 /* ItemModel.swift */ = {isa = PBXFileReference; lastKnownFileType = sourcecode.swift; path = ItemModel.swift; sourceTree = "<group>"; };
		1152D18021BC741F0013BDD6 /* ItemEntity.swift */ = {isa = PBXFileReference; lastKnownFileType = sourcecode.swift; path = ItemEntity.swift; sourceTree = "<group>"; };
/* End PBXFileReference section */

/* Begin PBXFrameworksBuildPhase section */
		1152D13C21BC48E10013BDD6 /* Frameworks */ = {
			isa = PBXFrameworksBuildPhase;
			buildActionMask = 2147483647;
			files = (
			);
			runOnlyForDeploymentPostprocessing = 0;
		};
		1152D15321BC48E90013BDD6 /* Frameworks */ = {
			isa = PBXFrameworksBuildPhase;
			buildActionMask = 2147483647;
			files = (
			);
			runOnlyForDeploymentPostprocessing = 0;
		};
		1152D15E21BC48E90013BDD6 /* Frameworks */ = {
			isa = PBXFrameworksBuildPhase;
			buildActionMask = 2147483647;
			files = (
			);
			runOnlyForDeploymentPostprocessing = 0;
		};
/* End PBXFrameworksBuildPhase section */

/* Begin PBXGroup section */
		1152D13621BC48E00013BDD6 = {
			isa = PBXGroup;
			children = (
				1152D14121BC48E10013BDD6 /* TodoMVVM */,
				1152D15921BC48E90013BDD6 /* TodoMVVMTests */,
				1152D16421BC48E90013BDD6 /* TodoMVVMUITests */,
				1152D14021BC48E10013BDD6 /* Products */,
			);
			sourceTree = "<group>";
		};
		1152D14021BC48E10013BDD6 /* Products */ = {
			isa = PBXGroup;
			children = (
				1152D13F21BC48E10013BDD6 /* TodoMVVM.app */,
				1152D15621BC48E90013BDD6 /* TodoMVVMTests.xctest */,
				1152D16121BC48E90013BDD6 /* TodoMVVMUITests.xctest */,
			);
			name = Products;
			sourceTree = "<group>";
		};
		1152D14121BC48E10013BDD6 /* TodoMVVM */ = {
			isa = PBXGroup;
			children = (
				1152D14221BC48E10013BDD6 /* AppDelegate.swift */,
				1152D14421BC48E10013BDD6 /* ViewController.swift */,
				1152D17D21BC71A10013BDD6 /* View */,
				1152D14621BC48E10013BDD6 /* Main.storyboard */,
				1152D17C21BC718E0013BDD6 /* ViewModels */,
				1152D17B21BC71780013BDD6 /* Models */,
				1152D14C21BC48E90013BDD6 /* Assets.xcassets */,
				1152D14E21BC48E90013BDD6 /* LaunchScreen.storyboard */,
				1152D15121BC48E90013BDD6 /* Info.plist */,
				1152D14921BC48E10013BDD6 /* TodoMVVM.xcdatamodeld */,
			);
			path = TodoMVVM;
			sourceTree = "<group>";
		};
		1152D15921BC48E90013BDD6 /* TodoMVVMTests */ = {
			isa = PBXGroup;
			children = (
				1152D15A21BC48E90013BDD6 /* TodoMVVMTests.swift */,
				1152D15C21BC48E90013BDD6 /* Info.plist */,
			);
			path = TodoMVVMTests;
			sourceTree = "<group>";
		};
		1152D16421BC48E90013BDD6 /* TodoMVVMUITests */ = {
			isa = PBXGroup;
			children = (
				1152D16521BC48E90013BDD6 /* TodoMVVMUITests.swift */,
				1152D16721BC48E90013BDD6 /* Info.plist */,
			);
			path = TodoMVVMUITests;
			sourceTree = "<group>";
		};
		1152D17B21BC71780013BDD6 /* Models */ = {
			isa = PBXGroup;
			children = (
				1152D17921BC4CAA0013BDD6 /* SearchModel.swift */,
				1152D17E21BC74120013BDD6 /* ItemModel.swift */,
				1152D18021BC741F0013BDD6 /* ItemEntity.swift */,
			);
			path = Models;
			sourceTree = "<group>";
		};
		1152D17C21BC718E0013BDD6 /* ViewModels */ = {
			isa = PBXGroup;
			children = (
				1152D17721BC4AFA0013BDD6 /* ViewModel.swift */,
			);
			path = ViewModels;
			sourceTree = "<group>";
		};
		1152D17D21BC71A10013BDD6 /* View */ = {
			isa = PBXGroup;
			children = (
				1152D17321BC496D0013BDD6 /* TableViewCell.swift */,
				1152D17421BC496D0013BDD6 /* TableViewCell.xib */,
			);
			path = View;
			sourceTree = "<group>";
		};
/* End PBXGroup section */

/* Begin PBXNativeTarget section */
		1152D13E21BC48E10013BDD6 /* TodoMVVM */ = {
			isa = PBXNativeTarget;
			buildConfigurationList = 1152D16A21BC48E90013BDD6 /* Build configuration list for PBXNativeTarget "TodoMVVM" */;
			buildPhases = (
				1152D13B21BC48E10013BDD6 /* Sources */,
				1152D13C21BC48E10013BDD6 /* Frameworks */,
				1152D13D21BC48E10013BDD6 /* Resources */,
			);
			buildRules = (
			);
			dependencies = (
			);
			name = TodoMVVM;
			productName = TodoMVVM;
			productReference = 1152D13F21BC48E10013BDD6 /* TodoMVVM.app */;
			productType = "com.apple.product-type.application";
		};
		1152D15521BC48E90013BDD6 /* TodoMVVMTests */ = {
			isa = PBXNativeTarget;
			buildConfigurationList = 1152D16D21BC48E90013BDD6 /* Build configuration list for PBXNativeTarget "TodoMVVMTests" */;
			buildPhases = (
				1152D15221BC48E90013BDD6 /* Sources */,
				1152D15321BC48E90013BDD6 /* Frameworks */,
				1152D15421BC48E90013BDD6 /* Resources */,
			);
			buildRules = (
			);
			dependencies = (
				1152D15821BC48E90013BDD6 /* PBXTargetDependency */,
			);
			name = TodoMVVMTests;
			productName = TodoMVVMTests;
			productReference = 1152D15621BC48E90013BDD6 /* TodoMVVMTests.xctest */;
			productType = "com.apple.product-type.bundle.unit-test";
		};
		1152D16021BC48E90013BDD6 /* TodoMVVMUITests */ = {
			isa = PBXNativeTarget;
			buildConfigurationList = 1152D17021BC48E90013BDD6 /* Build configuration list for PBXNativeTarget "TodoMVVMUITests" */;
			buildPhases = (
				1152D15D21BC48E90013BDD6 /* Sources */,
				1152D15E21BC48E90013BDD6 /* Frameworks */,
				1152D15F21BC48E90013BDD6 /* Resources */,
			);
			buildRules = (
			);
			dependencies = (
				1152D16321BC48E90013BDD6 /* PBXTargetDependency */,
			);
			name = TodoMVVMUITests;
			productName = TodoMVVMUITests;
			productReference = 1152D16121BC48E90013BDD6 /* TodoMVVMUITests.xctest */;
			productType = "com.apple.product-type.bundle.ui-testing";
		};
/* End PBXNativeTarget section */

/* Begin PBXProject section */
		1152D13721BC48E00013BDD6 /* Project object */ = {
			isa = PBXProject;
			attributes = {
				LastSwiftUpdateCheck = 1010;
				LastUpgradeCheck = 1010;
				ORGANIZATIONNAME = "小西篤志";
				TargetAttributes = {
					1152D13E21BC48E10013BDD6 = {
						CreatedOnToolsVersion = 10.1;
					};
					1152D15521BC48E90013BDD6 = {
						CreatedOnToolsVersion = 10.1;
						TestTargetID = 1152D13E21BC48E10013BDD6;
					};
					1152D16021BC48E90013BDD6 = {
						CreatedOnToolsVersion = 10.1;
						TestTargetID = 1152D13E21BC48E10013BDD6;
					};
				};
			};
			buildConfigurationList = 1152D13A21BC48E00013BDD6 /* Build configuration list for PBXProject "TodoMVVM" */;
			compatibilityVersion = "Xcode 9.3";
			developmentRegion = en;
			hasScannedForEncodings = 0;
			knownRegions = (
				en,
				Base,
			);
			mainGroup = 1152D13621BC48E00013BDD6;
			productRefGroup = 1152D14021BC48E10013BDD6 /* Products */;
			projectDirPath = "";
			projectRoot = "";
			targets = (
				1152D13E21BC48E10013BDD6 /* TodoMVVM */,
				1152D15521BC48E90013BDD6 /* TodoMVVMTests */,
				1152D16021BC48E90013BDD6 /* TodoMVVMUITests */,
			);
		};
/* End PBXProject section */

/* Begin PBXResourcesBuildPhase section */
		1152D13D21BC48E10013BDD6 /* Resources */ = {
			isa = PBXResourcesBuildPhase;
			buildActionMask = 2147483647;
			files = (
				1152D15021BC48E90013BDD6 /* LaunchScreen.storyboard in Resources */,
				1152D17621BC496D0013BDD6 /* TableViewCell.xib in Resources */,
				1152D14D21BC48E90013BDD6 /* Assets.xcassets in Resources */,
				1152D14821BC48E10013BDD6 /* Main.storyboard in Resources */,
			);
			runOnlyForDeploymentPostprocessing = 0;
		};
		1152D15421BC48E90013BDD6 /* Resources */ = {
			isa = PBXResourcesBuildPhase;
			buildActionMask = 2147483647;
			files = (
			);
			runOnlyForDeploymentPostprocessing = 0;
		};
		1152D15F21BC48E90013BDD6 /* Resources */ = {
			isa = PBXResourcesBuildPhase;
			buildActionMask = 2147483647;
			files = (
			);
			runOnlyForDeploymentPostprocessing = 0;
		};
/* End PBXResourcesBuildPhase section */

/* Begin PBXSourcesBuildPhase section */
		1152D13B21BC48E10013BDD6 /* Sources */ = {
			isa = PBXSourcesBuildPhase;
			buildActionMask = 2147483647;
			files = (
				1152D17821BC4AFA0013BDD6 /* ViewModel.swift in Sources */,
				1152D14521BC48E10013BDD6 /* ViewController.swift in Sources */,
				1152D17521BC496D0013BDD6 /* TableViewCell.swift in Sources */,
				1152D17A21BC4CAA0013BDD6 /* SearchModel.swift in Sources */,
				1152D14321BC48E10013BDD6 /* AppDelegate.swift in Sources */,
				1152D17F21BC74120013BDD6 /* ItemModel.swift in Sources */,
				1152D14B21BC48E10013BDD6 /* TodoMVVM.xcdatamodeld in Sources */,
				1152D18121BC741F0013BDD6 /* ItemEntity.swift in Sources */,
			);
			runOnlyForDeploymentPostprocessing = 0;
		};
		1152D15221BC48E90013BDD6 /* Sources */ = {
			isa = PBXSourcesBuildPhase;
			buildActionMask = 2147483647;
			files = (
				1152D15B21BC48E90013BDD6 /* TodoMVVMTests.swift in Sources */,
			);
			runOnlyForDeploymentPostprocessing = 0;
		};
		1152D15D21BC48E90013BDD6 /* Sources */ = {
			isa = PBXSourcesBuildPhase;
			buildActionMask = 2147483647;
			files = (
				1152D16621BC48E90013BDD6 /* TodoMVVMUITests.swift in Sources */,
			);
			runOnlyForDeploymentPostprocessing = 0;
		};
/* End PBXSourcesBuildPhase section */

/* Begin PBXTargetDependency section */
		1152D15821BC48E90013BDD6 /* PBXTargetDependency */ = {
			isa = PBXTargetDependency;
			target = 1152D13E21BC48E10013BDD6 /* TodoMVVM */;
			targetProxy = 1152D15721BC48E90013BDD6 /* PBXContainerItemProxy */;
		};
		1152D16321BC48E90013BDD6 /* PBXTargetDependency */ = {
			isa = PBXTargetDependency;
			target = 1152D13E21BC48E10013BDD6 /* TodoMVVM */;
			targetProxy = 1152D16221BC48E90013BDD6 /* PBXContainerItemProxy */;
		};
/* End PBXTargetDependency section */

/* Begin PBXVariantGroup section */
		1152D14621BC48E10013BDD6 /* Main.storyboard */ = {
			isa = PBXVariantGroup;
			children = (
				1152D14721BC48E10013BDD6 /* Base */,
			);
			name = Main.storyboard;
			sourceTree = "<group>";
		};
		1152D14E21BC48E90013BDD6 /* LaunchScreen.storyboard */ = {
			isa = PBXVariantGroup;
			children = (
				1152D14F21BC48E90013BDD6 /* Base */,
			);
			name = LaunchScreen.storyboard;
			sourceTree = "<group>";
		};
/* End PBXVariantGroup section */

/* Begin XCBuildConfiguration section */
		1152D16821BC48E90013BDD6 /* Debug */ = {
			isa = XCBuildConfiguration;
			buildSettings = {
				ALWAYS_SEARCH_USER_PATHS = NO;
				CLANG_ANALYZER_NONNULL = YES;
				CLANG_ANALYZER_NUMBER_OBJECT_CONVERSION = YES_AGGRESSIVE;
				CLANG_CXX_LANGUAGE_STANDARD = "gnu++14";
				CLANG_CXX_LIBRARY = "libc++";
				CLANG_ENABLE_MODULES = YES;
				CLANG_ENABLE_OBJC_ARC = YES;
				CLANG_ENABLE_OBJC_WEAK = YES;
				CLANG_WARN_BLOCK_CAPTURE_AUTORELEASING = YES;
				CLANG_WARN_BOOL_CONVERSION = YES;
				CLANG_WARN_COMMA = YES;
				CLANG_WARN_CONSTANT_CONVERSION = YES;
				CLANG_WARN_DEPRECATED_OBJC_IMPLEMENTATIONS = YES;
				CLANG_WARN_DIRECT_OBJC_ISA_USAGE = YES_ERROR;
				CLANG_WARN_DOCUMENTATION_COMMENTS = YES;
				CLANG_WARN_EMPTY_BODY = YES;
				CLANG_WARN_ENUM_CONVERSION = YES;
				CLANG_WARN_INFINITE_RECURSION = YES;
				CLANG_WARN_INT_CONVERSION = YES;
				CLANG_WARN_NON_LITERAL_NULL_CONVERSION = YES;
				CLANG_WARN_OBJC_IMPLICIT_RETAIN_SELF = YES;
				CLANG_WARN_OBJC_LITERAL_CONVERSION = YES;
				CLANG_WARN_OBJC_ROOT_CLASS = YES_ERROR;
				CLANG_WARN_RANGE_LOOP_ANALYSIS = YES;
				CLANG_WARN_STRICT_PROTOTYPES = YES;
				CLANG_WARN_SUSPICIOUS_MOVE = YES;
				CLANG_WARN_UNGUARDED_AVAILABILITY = YES_AGGRESSIVE;
				CLANG_WARN_UNREACHABLE_CODE = YES;
				CLANG_WARN__DUPLICATE_METHOD_MATCH = YES;
				CODE_SIGN_IDENTITY = "iPhone Developer";
				COPY_PHASE_STRIP = NO;
				DEBUG_INFORMATION_FORMAT = dwarf;
				ENABLE_STRICT_OBJC_MSGSEND = YES;
				ENABLE_TESTABILITY = YES;
				GCC_C_LANGUAGE_STANDARD = gnu11;
				GCC_DYNAMIC_NO_PIC = NO;
				GCC_NO_COMMON_BLOCKS = YES;
				GCC_OPTIMIZATION_LEVEL = 0;
				GCC_PREPROCESSOR_DEFINITIONS = (
					"DEBUG=1",
					"$(inherited)",
				);
				GCC_WARN_64_TO_32_BIT_CONVERSION = YES;
				GCC_WARN_ABOUT_RETURN_TYPE = YES_ERROR;
				GCC_WARN_UNDECLARED_SELECTOR = YES;
				GCC_WARN_UNINITIALIZED_AUTOS = YES_AGGRESSIVE;
				GCC_WARN_UNUSED_FUNCTION = YES;
				GCC_WARN_UNUSED_VARIABLE = YES;
				IPHONEOS_DEPLOYMENT_TARGET = 12.1;
				MTL_ENABLE_DEBUG_INFO = INCLUDE_SOURCE;
				MTL_FAST_MATH = YES;
				ONLY_ACTIVE_ARCH = YES;
				SDKROOT = iphoneos;
				SWIFT_ACTIVE_COMPILATION_CONDITIONS = DEBUG;
				SWIFT_OPTIMIZATION_LEVEL = "-Onone";
			};
			name = Debug;
		};
		1152D16921BC48E90013BDD6 /* Release */ = {
			isa = XCBuildConfiguration;
			buildSettings = {
				ALWAYS_SEARCH_USER_PATHS = NO;
				CLANG_ANALYZER_NONNULL = YES;
				CLANG_ANALYZER_NUMBER_OBJECT_CONVERSION = YES_AGGRESSIVE;
				CLANG_CXX_LANGUAGE_STANDARD = "gnu++14";
				CLANG_CXX_LIBRARY = "libc++";
				CLANG_ENABLE_MODULES = YES;
				CLANG_ENABLE_OBJC_ARC = YES;
				CLANG_ENABLE_OBJC_WEAK = YES;
				CLANG_WARN_BLOCK_CAPTURE_AUTORELEASING = YES;
				CLANG_WARN_BOOL_CONVERSION = YES;
				CLANG_WARN_COMMA = YES;
				CLANG_WARN_CONSTANT_CONVERSION = YES;
				CLANG_WARN_DEPRECATED_OBJC_IMPLEMENTATIONS = YES;
				CLANG_WARN_DIRECT_OBJC_ISA_USAGE = YES_ERROR;
				CLANG_WARN_DOCUMENTATION_COMMENTS = YES;
				CLANG_WARN_EMPTY_BODY = YES;
				CLANG_WARN_ENUM_CONVERSION = YES;
				CLANG_WARN_INFINITE_RECURSION = YES;
				CLANG_WARN_INT_CONVERSION = YES;
				CLANG_WARN_NON_LITERAL_NULL_CONVERSION = YES;
				CLANG_WARN_OBJC_IMPLICIT_RETAIN_SELF = YES;
				CLANG_WARN_OBJC_LITERAL_CONVERSION = YES;
				CLANG_WARN_OBJC_ROOT_CLASS = YES_ERROR;
				CLANG_WARN_RANGE_LOOP_ANALYSIS = YES;
				CLANG_WARN_STRICT_PROTOTYPES = YES;
				CLANG_WARN_SUSPICIOUS_MOVE = YES;
				CLANG_WARN_UNGUARDED_AVAILABILITY = YES_AGGRESSIVE;
				CLANG_WARN_UNREACHABLE_CODE = YES;
				CLANG_WARN__DUPLICATE_METHOD_MATCH = YES;
				CODE_SIGN_IDENTITY = "iPhone Developer";
				COPY_PHASE_STRIP = NO;
				DEBUG_INFORMATION_FORMAT = "dwarf-with-dsym";
				ENABLE_NS_ASSERTIONS = NO;
				ENABLE_STRICT_OBJC_MSGSEND = YES;
				GCC_C_LANGUAGE_STANDARD = gnu11;
				GCC_NO_COMMON_BLOCKS = YES;
				GCC_WARN_64_TO_32_BIT_CONVERSION = YES;
				GCC_WARN_ABOUT_RETURN_TYPE = YES_ERROR;
				GCC_WARN_UNDECLARED_SELECTOR = YES;
				GCC_WARN_UNINITIALIZED_AUTOS = YES_AGGRESSIVE;
				GCC_WARN_UNUSED_FUNCTION = YES;
				GCC_WARN_UNUSED_VARIABLE = YES;
				IPHONEOS_DEPLOYMENT_TARGET = 12.1;
				MTL_ENABLE_DEBUG_INFO = NO;
				MTL_FAST_MATH = YES;
				SDKROOT = iphoneos;
				SWIFT_COMPILATION_MODE = wholemodule;
				SWIFT_OPTIMIZATION_LEVEL = "-O";
				VALIDATE_PRODUCT = YES;
			};
			name = Release;
		};
		1152D16B21BC48E90013BDD6 /* Debug */ = {
			isa = XCBuildConfiguration;
			buildSettings = {
				ASSETCATALOG_COMPILER_APPICON_NAME = AppIcon;
				CODE_SIGN_STYLE = Automatic;
				DEVELOPMENT_TEAM = 3MTZVUAQ6V;
				INFOPLIST_FILE = TodoMVVM/Info.plist;
				LD_RUNPATH_SEARCH_PATHS = (
					"$(inherited)",
					"@executable_path/Frameworks",
				);
				PRODUCT_BUNDLE_IDENTIFIER = jp.domain.TodoMVVM;
				PRODUCT_NAME = "$(TARGET_NAME)";
				SWIFT_VERSION = 4.2;
				TARGETED_DEVICE_FAMILY = "1,2";
			};
			name = Debug;
		};
		1152D16C21BC48E90013BDD6 /* Release */ = {
			isa = XCBuildConfiguration;
			buildSettings = {
				ASSETCATALOG_COMPILER_APPICON_NAME = AppIcon;
				CODE_SIGN_STYLE = Automatic;
				DEVELOPMENT_TEAM = 3MTZVUAQ6V;
				INFOPLIST_FILE = TodoMVVM/Info.plist;
				LD_RUNPATH_SEARCH_PATHS = (
					"$(inherited)",
					"@executable_path/Frameworks",
				);
				PRODUCT_BUNDLE_IDENTIFIER = jp.domain.TodoMVVM;
				PRODUCT_NAME = "$(TARGET_NAME)";
				SWIFT_VERSION = 4.2;
				TARGETED_DEVICE_FAMILY = "1,2";
			};
			name = Release;
		};
		1152D16E21BC48E90013BDD6 /* Debug */ = {
			isa = XCBuildConfiguration;
			buildSettings = {
				ALWAYS_EMBED_SWIFT_STANDARD_LIBRARIES = YES;
				BUNDLE_LOADER = "$(TEST_HOST)";
				CODE_SIGN_STYLE = Automatic;
				DEVELOPMENT_TEAM = 3MTZVUAQ6V;
				INFOPLIST_FILE = TodoMVVMTests/Info.plist;
				LD_RUNPATH_SEARCH_PATHS = (
					"$(inherited)",
					"@executable_path/Frameworks",
					"@loader_path/Frameworks",
				);
				PRODUCT_BUNDLE_IDENTIFIER = jp.domain.TodoMVVMTests;
				PRODUCT_NAME = "$(TARGET_NAME)";
				SWIFT_VERSION = 4.2;
				TARGETED_DEVICE_FAMILY = "1,2";
				TEST_HOST = "$(BUILT_PRODUCTS_DIR)/TodoMVVM.app/TodoMVVM";
			};
			name = Debug;
		};
		1152D16F21BC48E90013BDD6 /* Release */ = {
			isa = XCBuildConfiguration;
			buildSettings = {
				ALWAYS_EMBED_SWIFT_STANDARD_LIBRARIES = YES;
				BUNDLE_LOADER = "$(TEST_HOST)";
				CODE_SIGN_STYLE = Automatic;
				DEVELOPMENT_TEAM = 3MTZVUAQ6V;
				INFOPLIST_FILE = TodoMVVMTests/Info.plist;
				LD_RUNPATH_SEARCH_PATHS = (
					"$(inherited)",
					"@executable_path/Frameworks",
					"@loader_path/Frameworks",
				);
				PRODUCT_BUNDLE_IDENTIFIER = jp.domain.TodoMVVMTests;
				PRODUCT_NAME = "$(TARGET_NAME)";
				SWIFT_VERSION = 4.2;
				TARGETED_DEVICE_FAMILY = "1,2";
				TEST_HOST = "$(BUILT_PRODUCTS_DIR)/TodoMVVM.app/TodoMVVM";
			};
			name = Release;
		};
		1152D17121BC48E90013BDD6 /* Debug */ = {
			isa = XCBuildConfiguration;
			buildSettings = {
				ALWAYS_EMBED_SWIFT_STANDARD_LIBRARIES = YES;
				CODE_SIGN_STYLE = Automatic;
				DEVELOPMENT_TEAM = 3MTZVUAQ6V;
				INFOPLIST_FILE = TodoMVVMUITests/Info.plist;
				LD_RUNPATH_SEARCH_PATHS = (
					"$(inherited)",
					"@executable_path/Frameworks",
					"@loader_path/Frameworks",
				);
				PRODUCT_BUNDLE_IDENTIFIER = jp.domain.TodoMVVMUITests;
				PRODUCT_NAME = "$(TARGET_NAME)";
				SWIFT_VERSION = 4.2;
				TARGETED_DEVICE_FAMILY = "1,2";
				TEST_TARGET_NAME = TodoMVVM;
			};
			name = Debug;
		};
		1152D17221BC48E90013BDD6 /* Release */ = {
			isa = XCBuildConfiguration;
			buildSettings = {
				ALWAYS_EMBED_SWIFT_STANDARD_LIBRARIES = YES;
				CODE_SIGN_STYLE = Automatic;
				DEVELOPMENT_TEAM = 3MTZVUAQ6V;
				INFOPLIST_FILE = TodoMVVMUITests/Info.plist;
				LD_RUNPATH_SEARCH_PATHS = (
					"$(inherited)",
					"@executable_path/Frameworks",
					"@loader_path/Frameworks",
				);
				PRODUCT_BUNDLE_IDENTIFIER = jp.domain.TodoMVVMUITests;
				PRODUCT_NAME = "$(TARGET_NAME)";
				SWIFT_VERSION = 4.2;
				TARGETED_DEVICE_FAMILY = "1,2";
				TEST_TARGET_NAME = TodoMVVM;
			};
			name = Release;
		};
/* End XCBuildConfiguration section */

/* Begin XCConfigurationList section */
		1152D13A21BC48E00013BDD6 /* Build configuration list for PBXProject "TodoMVVM" */ = {
			isa = XCConfigurationList;
			buildConfigurations = (
				1152D16821BC48E90013BDD6 /* Debug */,
				1152D16921BC48E90013BDD6 /* Release */,
			);
			defaultConfigurationIsVisible = 0;
			defaultConfigurationName = Release;
		};
		1152D16A21BC48E90013BDD6 /* Build configuration list for PBXNativeTarget "TodoMVVM" */ = {
			isa = XCConfigurationList;
			buildConfigurations = (
				1152D16B21BC48E90013BDD6 /* Debug */,
				1152D16C21BC48E90013BDD6 /* Release */,
			);
			defaultConfigurationIsVisible = 0;
			defaultConfigurationName = Release;
		};
		1152D16D21BC48E90013BDD6 /* Build configuration list for PBXNativeTarget "TodoMVVMTests" */ = {
			isa = XCConfigurationList;
			buildConfigurations = (
				1152D16E21BC48E90013BDD6 /* Debug */,
				1152D16F21BC48E90013BDD6 /* Release */,
			);
			defaultConfigurationIsVisible = 0;
			defaultConfigurationName = Release;
		};
		1152D17021BC48E90013BDD6 /* Build configuration list for PBXNativeTarget "TodoMVVMUITests" */ = {
			isa = XCConfigurationList;
			buildConfigurations = (
				1152D17121BC48E90013BDD6 /* Debug */,
				1152D17221BC48E90013BDD6 /* Release */,
			);
			defaultConfigurationIsVisible = 0;
			defaultConfigurationName = Release;
		};
/* End XCConfigurationList section */

/* Begin XCVersionGroup section */
		1152D14921BC48E10013BDD6 /* TodoMVVM.xcdatamodeld */ = {
			isa = XCVersionGroup;
			children = (
				1152D14A21BC48E10013BDD6 /* TodoMVVM.xcdatamodel */,
			);
			currentVersion = 1152D14A21BC48E10013BDD6 /* TodoMVVM.xcdatamodel */;
			path = TodoMVVM.xcdatamodeld;
			sourceTree = "<group>";
			versionGroupType = wrapper.xcdatamodel;
		};
/* End XCVersionGroup section */
	};
	rootObject = 1152D13721BC48E00013BDD6 /* Project object */;
}
